{
  "name": "@warren-bank/node-hls-downloader-tubitv",
  "version": "1.1.0",
  "lockfileVersion": 1,
  "requires": true,
  "dependencies": {
    "@warren-bank/node-denodeify": {
      "version": "2.0.1",
      "resolved": "https://registry.npmjs.org/@warren-bank/node-denodeify/-/node-denodeify-2.0.1.tgz",
      "integrity": "sha512-B23FyB0npH1/FngxQ2byf23fGgscRr/76F70z+G2yEUlfuv832X4aWSVT0+s0DkF86q86X5FmG/QqAJhZE9b5A=="
    },
    "@warren-bank/node-hls-downloader": {
      "version": "4.0.3",
      "resolved": "https://registry.npmjs.org/@warren-bank/node-hls-downloader/-/node-hls-downloader-4.0.3.tgz",
      "integrity": "sha512-zfn7strOC0zN4GgPml/16sCQ0d0cZn84QM/uKdpJeibuqMmWYF+69aOI6fVASQf8KSMfQUl3Z0gRljJO1ZkVWg==",
      "requires": {
        "@warren-bank/node-process-argv": "^1.1.0",
        "@warren-bank/node-request-cli": "^3.2.0"
      }
    },
    "@warren-bank/node-process-argv": {
      "version": "1.1.0",
      "resolved": "https://registry.npmjs.org/@warren-bank/node-process-argv/-/node-process-argv-1.1.0.tgz",
      "integrity": "sha512-81pXPEVDhM+HQNlXgj/Aa4ZQSXQfX79tvd8nPuHXTEMJ6pnvahiTh/4jkNwQrIznecIDZM+MFt6i2IZmeiYrvA=="
    },
    "@warren-bank/node-request": {
      "version": "2.0.0",
      "resolved": "https://registry.npmjs.org/@warren-bank/node-request/-/node-request-2.0.0.tgz",
      "integrity": "sha512-Gn03KkEAgJAG3Z0Gocu4bcs2e1UZiGtBV71oWndwsWKQZa76OnBYIdmwJZTznvJ59NysRym92jajhvniU7Y35A==",
      "requires": {
        "@warren-bank/node-denodeify": "^2.0.1",
        "tough-cookie": "^3.0.1",
        "tough-cookie-filestore2": "^1.0.0"
      }
    },
    "@warren-bank/node-request-cli": {
      "version": "3.2.4",
      "resolved": "https://registry.npmjs.org/@warren-bank/node-request-cli/-/node-request-cli-3.2.4.tgz",
      "integrity": "sha512-G6vfLc0eTwQheW8we3cwBcHi392RgM0jFCXzienhbHHQrvZ3PCbxhAJBNPwWNsDDInOOHNzXyCz807F3B2d+Zw==",
      "requires": {
        "@warren-bank/node-process-argv": "^1.1.0",
        "@warren-bank/node-request": "^2.0.0"
      }
    },
    "ip-regex": {
      "version": "2.1.0",
      "resolved": "https://registry.npmjs.org/ip-regex/-/ip-regex-2.1.0.tgz",
      "integrity": "sha1-+ni/XS5pE8kRzp+BnuUUa7bYROk="
    },
    "psl": {
      "version": "1.7.0",
      "resolved": "https://registry.npmjs.org/psl/-/psl-1.7.0.tgz",
      "integrity": "sha512-5NsSEDv8zY70ScRnOTn7bK7eanl2MvFrOrS/R6x+dBt5g1ghnj9Zv90kO8GwT8gxcu2ANyFprnFYB85IogIJOQ=="
    },
    "punycode": {
      "version": "2.1.1",
      "resolved": "https://registry.npmjs.org/punycode/-/punycode-2.1.1.tgz",
      "integrity": "sha512-XRsRjdf+j5ml+y/6GKHPZbrF/8p2Yga0JPtdqTIY2Xe5ohJPD9saDJJLPvp9+NSBprVvevdXZybnj2cv8OEd0A=="
    },
    "tough-cookie": {
      "version": "3.0.1",
      "resolved": "https://registry.npmjs.org/tough-cookie/-/tough-cookie-3.0.1.tgz",
      "integrity": "sha512-yQyJ0u4pZsv9D4clxO69OEjLWYw+jbgspjTue4lTQZLfV0c5l1VmK2y1JK8E9ahdpltPOaAThPcp5nKPUgSnsg==",
      "requires": {
        "ip-regex": "^2.1.0",
        "psl": "^1.1.28",
        "punycode": "^2.1.1"
      }
    },
    "tough-cookie-filestore2": {
      "version": "1.0.0",
      "resolved": "https://registry.npmjs.org/tough-cookie-filestore2/-/tough-cookie-filestore2-1.0.0.tgz",
      "integrity": "sha512-2/p7yiS7CBura7JzfCO72iuWNRbB2ot/Hz4VtiP6qcrgvYXUbeiyEUf6fz8i9gWvzOad83gOUCtg5PtLpErZug==",
      "requires": {
        "tough-cookie": "^2.3.3"
      },
      "dependencies": {
        "tough-cookie": {
          "version": "2.5.0",
          "resolved": "https://registry.npmjs.org/tough-cookie/-/tough-cookie-2.5.0.tgz",
          "integrity": "sha512-nlLsUzgm1kfLXSXfRZMc1KLAugd4hqJHDTvc2hDIwS3mZAfMEuMbc03SujMF+GEcpaX/qboeycw6iO8JwVv2+g==",
          "requires": {
            "psl": "^1.1.28",
            "punycode": "^2.1.1"
          }
        }
      }
    }
  }
}
